
Microsoft Visual Studio Solution File, Format Version 12.00
# Visual Studio Version 16
VisualStudioVersion = 16.0.810.17
MinimumVisualStudioVersion = 10.0.40219.1
Project("{FAE04EC0-301F-11D3-BF4B-00C04F79EFBC}") = "WaterProject", "WaterProject\WaterProject.csproj", "{BD771555-73C6-4FC3-BB98-977081091D68}"
EndProject
Global
	GlobalSection(SolutionConfigurationPlatforms) = preSolution
		Debug|Any CPU = Debug|Any CPU
		Release|Any CPU = Release|Any CPU
	EndGlobalSection
	GlobalSection(ProjectConfigurationPlatforms) = postSolution
		{BD771555-73C6-4FC3-BB98-977081091D68}.Debug|Any CPU.ActiveCfg = Debug|Any CPU
		{BD771555-73C6-4FC3-BB98-977081091D68}.Debug|Any CPU.Build.0 = Debug|Any CPU
		{BD771555-73C6-4FC3-BB98-977081091D68}.Release|Any CPU.ActiveCfg = Release|Any CPU
		{BD771555-73C6-4FC3-BB98-977081091D68}.Release|Any CPU.Build.0 = Release|Any CPU
	EndGlobalSection
	GlobalSection(SolutionProperties) = preSolution
		HideSolutionNode = FALSE
	EndGlobalSection
	GlobalSection(ExtensibilityGlobals) = postSolution
		SolutionGuid = {BFB0D907-9A31-4F28-BF9A-F20195609E50}
	EndGlobalSection
EndGlobal
